{
  "version": 4,
  "terraform_version": "0.13.3",
  "serial": 76,
  "lineage": "865e0e6f-769b-97b8-5d7f-0168dc1dfca3",
  "outputs": {},
  "resources": [
    {
      "mode": "managed",
      "type": "azurerm_lb",
      "name": "master_lb",
      "provider": "provider[\"registry.terraform.io/hashicorp/azurerm\"]",
      "instances": [
        {
          "schema_version": 0,
          "attributes": {
            "frontend_ip_configuration": [
              {
                "id": "/subscriptions/886ee2a4-e790-43c5-bfa4-5c8db2e433f6/resourceGroups/k8s-infra/providers/Microsoft.Network/loadBalancers/k8s-master-lb/frontendIPConfigurations/k8s-master-pip",
                "inbound_nat_rules": [],
                "load_balancer_rules": [
                  "/subscriptions/886ee2a4-e790-43c5-bfa4-5c8db2e433f6/resourceGroups/k8s-infra/providers/Microsoft.Network/loadBalancers/k8s-master-lb/loadBalancingRules/k8s-master-lb-r"
                ],
                "name": "k8s-master-pip",
                "outbound_rules": [],
                "private_ip_address": "",
                "private_ip_address_allocation": "Dynamic",
                "private_ip_address_version": "IPv4",
                "public_ip_address_id": "/subscriptions/886ee2a4-e790-43c5-bfa4-5c8db2e433f6/resourceGroups/k8s-infra/providers/Microsoft.Network/publicIPAddresses/k8s-master-pip",
                "public_ip_prefix_id": "",
                "subnet_id": "",
                "zones": []
              }
            ],
            "id": "/subscriptions/886ee2a4-e790-43c5-bfa4-5c8db2e433f6/resourceGroups/k8s-infra/providers/Microsoft.Network/loadBalancers/k8s-master-lb",
            "location": "westus2",
            "name": "k8s-master-lb",
            "private_ip_address": "",
            "private_ip_addresses": [],
            "resource_group_name": "k8s-infra",
            "sku": "Basic",
            "tags": {},
            "timeouts": null
          },
          "private": "eyJlMmJmYjczMC1lY2FhLTExZTYtOGY4OC0zNDM2M2JjN2M0YzAiOnsiY3JlYXRlIjoxODAwMDAwMDAwMDAwLCJkZWxldGUiOjE4MDAwMDAwMDAwMDAsInJlYWQiOjMwMDAwMDAwMDAwMCwidXBkYXRlIjoxODAwMDAwMDAwMDAwfX0=",
          "dependencies": [
            "azurerm_public_ip.master_pip",
            "azurerm_resource_group.resource_group_name"
          ]
        }
      ]
    },
    {
      "mode": "managed",
      "type": "azurerm_lb_backend_address_pool",
      "name": "master_lb_bep",
      "provider": "provider[\"registry.terraform.io/hashicorp/azurerm\"]",
      "instances": [
        {
          "schema_version": 0,
          "attributes": {
            "backend_ip_configurations": [
              "/subscriptions/886ee2a4-e790-43c5-bfa4-5c8db2e433f6/resourceGroups/k8s-infra/providers/Microsoft.Compute/virtualMachineScaleSets/k8s-master/virtualMachines/0/networkInterfaces/k8s-master-np/ipConfigurations/k8s-master-ic"
            ],
            "id": "/subscriptions/886ee2a4-e790-43c5-bfa4-5c8db2e433f6/resourceGroups/k8s-infra/providers/Microsoft.Network/loadBalancers/k8s-master-lb/backendAddressPools/k8s-master-lb-bep",
            "load_balancing_rules": [
              "/subscriptions/886ee2a4-e790-43c5-bfa4-5c8db2e433f6/resourceGroups/k8s-infra/providers/Microsoft.Network/loadBalancers/k8s-master-lb/loadBalancingRules/k8s-master-lb-r"
            ],
            "loadbalancer_id": "/subscriptions/886ee2a4-e790-43c5-bfa4-5c8db2e433f6/resourceGroups/k8s-infra/providers/Microsoft.Network/loadBalancers/k8s-master-lb",
            "name": "k8s-master-lb-bep",
            "resource_group_name": "k8s-infra",
            "timeouts": null
          },
          "private": "eyJlMmJmYjczMC1lY2FhLTExZTYtOGY4OC0zNDM2M2JjN2M0YzAiOnsiY3JlYXRlIjoxODAwMDAwMDAwMDAwLCJkZWxldGUiOjE4MDAwMDAwMDAwMDAsInJlYWQiOjMwMDAwMDAwMDAwMCwidXBkYXRlIjoxODAwMDAwMDAwMDAwfX0=",
          "dependencies": [
            "azurerm_lb.master_lb",
            "azurerm_public_ip.master_pip",
            "azurerm_resource_group.resource_group_name"
          ]
        }
      ]
    },
    {
      "mode": "managed",
      "type": "azurerm_lb_probe",
      "name": "master_lb_p",
      "provider": "provider[\"registry.terraform.io/hashicorp/azurerm\"]",
      "instances": [
        {
          "schema_version": 0,
          "attributes": {
            "id": "/subscriptions/886ee2a4-e790-43c5-bfa4-5c8db2e433f6/resourceGroups/k8s-infra/providers/Microsoft.Network/loadBalancers/k8s-master-lb/probes/k8s-master-lb-p",
            "interval_in_seconds": 15,
            "load_balancer_rules": [
              "/subscriptions/886ee2a4-e790-43c5-bfa4-5c8db2e433f6/resourceGroups/k8s-infra/providers/Microsoft.Network/loadBalancers/k8s-master-lb/loadBalancingRules/k8s-master-lb-r"
            ],
            "loadbalancer_id": "/subscriptions/886ee2a4-e790-43c5-bfa4-5c8db2e433f6/resourceGroups/k8s-infra/providers/Microsoft.Network/loadBalancers/k8s-master-lb",
            "name": "k8s-master-lb-p",
            "number_of_probes": 2,
            "port": 6443,
            "protocol": "Tcp",
            "request_path": "",
            "resource_group_name": "k8s-infra",
            "timeouts": null
          },
          "private": "eyJlMmJmYjczMC1lY2FhLTExZTYtOGY4OC0zNDM2M2JjN2M0YzAiOnsiY3JlYXRlIjoxODAwMDAwMDAwMDAwLCJkZWxldGUiOjE4MDAwMDAwMDAwMDAsInJlYWQiOjMwMDAwMDAwMDAwMCwidXBkYXRlIjoxODAwMDAwMDAwMDAwfX0=",
          "dependencies": [
            "azurerm_lb.master_lb",
            "azurerm_public_ip.master_pip",
            "azurerm_resource_group.resource_group_name"
          ]
        }
      ]
    },
    {
      "mode": "managed",
      "type": "azurerm_lb_rule",
      "name": "master_lb_r",
      "provider": "provider[\"registry.terraform.io/hashicorp/azurerm\"]",
      "instances": [
        {
          "schema_version": 0,
          "attributes": {
            "backend_address_pool_id": "/subscriptions/886ee2a4-e790-43c5-bfa4-5c8db2e433f6/resourceGroups/k8s-infra/providers/Microsoft.Network/loadBalancers/k8s-master-lb/backendAddressPools/k8s-master-lb-bep",
            "backend_port": 6443,
            "disable_outbound_snat": false,
            "enable_floating_ip": false,
            "enable_tcp_reset": false,
            "frontend_ip_configuration_id": "/subscriptions/886ee2a4-e790-43c5-bfa4-5c8db2e433f6/resourceGroups/k8s-infra/providers/Microsoft.Network/loadBalancers/k8s-master-lb/frontendIPConfigurations/k8s-master-pip",
            "frontend_ip_configuration_name": "k8s-master-pip",
            "frontend_port": 443,
            "id": "/subscriptions/886ee2a4-e790-43c5-bfa4-5c8db2e433f6/resourceGroups/k8s-infra/providers/Microsoft.Network/loadBalancers/k8s-master-lb/loadBalancingRules/k8s-master-lb-r",
            "idle_timeout_in_minutes": 4,
            "load_distribution": "Default",
            "loadbalancer_id": "/subscriptions/886ee2a4-e790-43c5-bfa4-5c8db2e433f6/resourceGroups/k8s-infra/providers/Microsoft.Network/loadBalancers/k8s-master-lb",
            "name": "k8s-master-lb-r",
            "probe_id": "/subscriptions/886ee2a4-e790-43c5-bfa4-5c8db2e433f6/resourceGroups/k8s-infra/providers/Microsoft.Network/loadBalancers/k8s-master-lb/probes/k8s-master-lb-p",
            "protocol": "Tcp",
            "resource_group_name": "k8s-infra",
            "timeouts": null
          },
          "private": "eyJlMmJmYjczMC1lY2FhLTExZTYtOGY4OC0zNDM2M2JjN2M0YzAiOnsiY3JlYXRlIjoxODAwMDAwMDAwMDAwLCJkZWxldGUiOjE4MDAwMDAwMDAwMDAsInJlYWQiOjMwMDAwMDAwMDAwMCwidXBkYXRlIjoxODAwMDAwMDAwMDAwfX0=",
          "dependencies": [
            "azurerm_lb.master_lb",
            "azurerm_lb_backend_address_pool.master_lb_bep",
            "azurerm_lb_probe.master_lb_p",
            "azurerm_public_ip.master_pip",
            "azurerm_resource_group.resource_group_name"
          ]
        }
      ]
    },
    {
      "mode": "managed",
      "type": "azurerm_linux_virtual_machine",
      "name": "baston",
      "provider": "provider[\"registry.terraform.io/hashicorp/azurerm\"]",
      "instances": [
        {
          "schema_version": 0,
          "attributes": {
            "additional_capabilities": [],
            "admin_password": null,
            "admin_ssh_key": [
              {
                "public_key": "ssh-rsa AAAAB3NzaC1yc2EAAAADAQABAAABAQDGtsBddOdB/S4tSFrbah1j6Yhhr498lCKU0prFrluqCnXvOH1BIerl7XW9aFCnxa7zByYM4tkszVc/jZFW0u+E4SBKP5iQmJvTuXMqCeA2PIt+c+ozM0p/EcMF90HpUDjVedLqhiYDmTxX7ITwcMkNm7v61BzjxO0D3eRG1gK1xJPcHNs96j96AhTBVu6bII363Ulz2FHVA627qopikcBlnB8I86CdLjyS4K28fejnR+J3djoCVHy47V2Kp88pOI91VmWy+qqIFdsDKmRq2AGvnY5SBULiVUGXOzK5p8JdX/ZwErMLzif70su2IjaE4Xct3HzW53pfQBWaLbCHYsuD\n",
                "username": "azureuser"
              }
            ],
            "admin_username": "azureuser",
            "allow_extension_operations": true,
            "availability_set_id": "",
            "boot_diagnostics": [],
            "computer_name": "k8s-baston",
            "custom_data": null,
            "dedicated_host_id": "",
            "disable_password_authentication": true,
            "eviction_policy": "",
            "id": "/subscriptions/886ee2a4-e790-43c5-bfa4-5c8db2e433f6/resourceGroups/k8s-infra/providers/Microsoft.Compute/virtualMachines/k8s-baston",
            "identity": [],
            "location": "westus2",
            "max_bid_price": -1,
            "name": "k8s-baston",
            "network_interface_ids": [
              "/subscriptions/886ee2a4-e790-43c5-bfa4-5c8db2e433f6/resourceGroups/k8s-infra/providers/Microsoft.Network/networkInterfaces/k8s-baston-nic"
            ],
            "os_disk": [
              {
                "caching": "ReadWrite",
                "diff_disk_settings": [],
                "disk_encryption_set_id": "",
                "disk_size_gb": 30,
                "name": "k8s-baston_OsDisk_1_505f39cb221e42f482c432f7e27aa45a",
                "storage_account_type": "Standard_LRS",
                "write_accelerator_enabled": false
              }
            ],
            "plan": [],
            "priority": "Regular",
            "private_ip_address": "172.17.0.4",
            "private_ip_addresses": [
              "172.17.0.4"
            ],
            "provision_vm_agent": true,
            "proximity_placement_group_id": "",
            "public_ip_address": "13.66.164.221",
            "public_ip_addresses": [
              "13.66.164.221"
            ],
            "resource_group_name": "k8s-infra",
            "secret": [],
            "size": "Standard_B1ls",
            "source_image_id": "",
            "source_image_reference": [
              {
                "offer": "UbuntuServer",
                "publisher": "Canonical",
                "sku": "16.04-LTS",
                "version": "latest"
              }
            ],
            "tags": {},
            "timeouts": null,
            "virtual_machine_id": "c8d3fc22-4db9-4312-9836-09d3c288ee68",
            "virtual_machine_scale_set_id": "",
            "zone": ""
          },
          "private": "eyJlMmJmYjczMC1lY2FhLTExZTYtOGY4OC0zNDM2M2JjN2M0YzAiOnsiY3JlYXRlIjoyNzAwMDAwMDAwMDAwLCJkZWxldGUiOjI3MDAwMDAwMDAwMDAsInJlYWQiOjMwMDAwMDAwMDAwMCwidXBkYXRlIjoyNzAwMDAwMDAwMDAwfX0=",
          "dependencies": [
            "azurerm_network_interface.baston_nic",
            "azurerm_public_ip.baston_pip",
            "azurerm_resource_group.resource_group_name",
            "azurerm_subnet.baston_subnet",
            "azurerm_virtual_network.vnet"
          ]
        }
      ]
    },
    {
      "mode": "managed",
      "type": "azurerm_network_interface",
      "name": "baston_nic",
      "provider": "provider[\"registry.terraform.io/hashicorp/azurerm\"]",
      "instances": [
        {
          "schema_version": 0,
          "attributes": {
            "applied_dns_servers": [],
            "dns_servers": [],
            "enable_accelerated_networking": false,
            "enable_ip_forwarding": false,
            "id": "/subscriptions/886ee2a4-e790-43c5-bfa4-5c8db2e433f6/resourceGroups/k8s-infra/providers/Microsoft.Network/networkInterfaces/k8s-baston-nic",
            "internal_dns_name_label": "",
            "internal_domain_name_suffix": "x1m12tv1pbeuxejmt3u13jt5ec.xx.internal.cloudapp.net",
            "ip_configuration": [
              {
                "name": "public",
                "primary": true,
                "private_ip_address": "172.17.0.4",
                "private_ip_address_allocation": "Dynamic",
                "private_ip_address_version": "IPv4",
                "public_ip_address_id": "/subscriptions/886ee2a4-e790-43c5-bfa4-5c8db2e433f6/resourceGroups/k8s-infra/providers/Microsoft.Network/publicIPAddresses/k8s-baston-pip",
                "subnet_id": "/subscriptions/886ee2a4-e790-43c5-bfa4-5c8db2e433f6/resourceGroups/k8s-infra/providers/Microsoft.Network/virtualNetworks/k8s-vnet/subnets/k8s-baston-subnet"
              }
            ],
            "location": "westus2",
            "mac_address": "00-0D-3A-C3-B1-CD",
            "name": "k8s-baston-nic",
            "private_ip_address": "172.17.0.4",
            "private_ip_addresses": [
              "172.17.0.4"
            ],
            "resource_group_name": "k8s-infra",
            "tags": {},
            "timeouts": null,
            "virtual_machine_id": "/subscriptions/886ee2a4-e790-43c5-bfa4-5c8db2e433f6/resourceGroups/k8s-infra/providers/Microsoft.Compute/virtualMachines/k8s-baston"
          },
          "private": "eyJlMmJmYjczMC1lY2FhLTExZTYtOGY4OC0zNDM2M2JjN2M0YzAiOnsiY3JlYXRlIjoxODAwMDAwMDAwMDAwLCJkZWxldGUiOjE4MDAwMDAwMDAwMDAsInJlYWQiOjMwMDAwMDAwMDAwMCwidXBkYXRlIjoxODAwMDAwMDAwMDAwfX0=",
          "dependencies": [
            "azurerm_public_ip.baston_pip",
            "azurerm_resource_group.resource_group_name",
            "azurerm_subnet.baston_subnet",
            "azurerm_virtual_network.vnet"
          ]
        }
      ]
    },
    {
      "mode": "managed",
      "type": "azurerm_network_security_group",
      "name": "agent_nsg",
      "provider": "provider[\"registry.terraform.io/hashicorp/azurerm\"]",
      "instances": [
        {
          "schema_version": 0,
          "attributes": {
            "id": "/subscriptions/886ee2a4-e790-43c5-bfa4-5c8db2e433f6/resourceGroups/k8s-infra/providers/Microsoft.Network/networkSecurityGroups/k8s-agent-nsg",
            "location": "westus2",
            "name": "k8s-agent-nsg",
            "resource_group_name": "k8s-infra",
            "security_rule": [],
            "tags": {},
            "timeouts": null
          },
          "private": "eyJlMmJmYjczMC1lY2FhLTExZTYtOGY4OC0zNDM2M2JjN2M0YzAiOnsiY3JlYXRlIjoxODAwMDAwMDAwMDAwLCJkZWxldGUiOjE4MDAwMDAwMDAwMDAsInJlYWQiOjMwMDAwMDAwMDAwMCwidXBkYXRlIjoxODAwMDAwMDAwMDAwfX0=",
          "dependencies": [
            "azurerm_resource_group.resource_group_name"
          ]
        }
      ]
    },
    {
      "mode": "managed",
      "type": "azurerm_network_security_group",
      "name": "baston_nsg",
      "provider": "provider[\"registry.terraform.io/hashicorp/azurerm\"]",
      "instances": [
        {
          "schema_version": 0,
          "attributes": {
            "id": "/subscriptions/886ee2a4-e790-43c5-bfa4-5c8db2e433f6/resourceGroups/k8s-infra/providers/Microsoft.Network/networkSecurityGroups/k8s-baston-nsg",
            "location": "westus2",
            "name": "k8s-baston-nsg",
            "resource_group_name": "k8s-infra",
            "security_rule": [
              {
                "access": "Allow",
                "description": "",
                "destination_address_prefix": "*",
                "destination_address_prefixes": [],
                "destination_application_security_group_ids": [],
                "destination_port_range": "22",
                "destination_port_ranges": [],
                "direction": "Inbound",
                "name": "SSH",
                "priority": 101,
                "protocol": "Tcp",
                "source_address_prefix": "*",
                "source_address_prefixes": [],
                "source_application_security_group_ids": [],
                "source_port_range": "*",
                "source_port_ranges": []
              }
            ],
            "tags": {},
            "timeouts": null
          },
          "private": "eyJlMmJmYjczMC1lY2FhLTExZTYtOGY4OC0zNDM2M2JjN2M0YzAiOnsiY3JlYXRlIjoxODAwMDAwMDAwMDAwLCJkZWxldGUiOjE4MDAwMDAwMDAwMDAsInJlYWQiOjMwMDAwMDAwMDAwMCwidXBkYXRlIjoxODAwMDAwMDAwMDAwfX0=",
          "dependencies": [
            "azurerm_resource_group.resource_group_name"
          ]
        }
      ]
    },
    {
      "mode": "managed",
      "type": "azurerm_network_security_group",
      "name": "master_nsg",
      "provider": "provider[\"registry.terraform.io/hashicorp/azurerm\"]",
      "instances": [
        {
          "schema_version": 0,
          "attributes": {
            "id": "/subscriptions/886ee2a4-e790-43c5-bfa4-5c8db2e433f6/resourceGroups/k8s-infra/providers/Microsoft.Network/networkSecurityGroups/k8s-master-nsg",
            "location": "westus2",
            "name": "k8s-master-nsg",
            "resource_group_name": "k8s-infra",
            "security_rule": [
              {
                "access": "Allow",
                "description": "",
                "destination_address_prefix": "*",
                "destination_address_prefixes": [],
                "destination_application_security_group_ids": [],
                "destination_port_range": "6443",
                "destination_port_ranges": [],
                "direction": "Inbound",
                "name": "HTTPS",
                "priority": 101,
                "protocol": "Tcp",
                "source_address_prefix": "*",
                "source_address_prefixes": [],
                "source_application_security_group_ids": [],
                "source_port_range": "*",
                "source_port_ranges": []
              }
            ],
            "tags": {},
            "timeouts": null
          },
          "private": "eyJlMmJmYjczMC1lY2FhLTExZTYtOGY4OC0zNDM2M2JjN2M0YzAiOnsiY3JlYXRlIjoxODAwMDAwMDAwMDAwLCJkZWxldGUiOjE4MDAwMDAwMDAwMDAsInJlYWQiOjMwMDAwMDAwMDAwMCwidXBkYXRlIjoxODAwMDAwMDAwMDAwfX0=",
          "dependencies": [
            "azurerm_resource_group.resource_group_name"
          ]
        }
      ]
    },
    {
      "mode": "managed",
      "type": "azurerm_network_security_rule",
      "name": "baston_nsgr",
      "provider": "provider[\"registry.terraform.io/hashicorp/azurerm\"]",
      "instances": [
        {
          "schema_version": 0,
          "attributes": {
            "access": "Allow",
            "description": "",
            "destination_address_prefix": "*",
            "destination_address_prefixes": [],
            "destination_application_security_group_ids": [],
            "destination_port_range": "22",
            "destination_port_ranges": [],
            "direction": "Inbound",
            "id": "/subscriptions/886ee2a4-e790-43c5-bfa4-5c8db2e433f6/resourceGroups/k8s-infra/providers/Microsoft.Network/networkSecurityGroups/k8s-baston-nsg/securityRules/SSH",
            "name": "SSH",
            "network_security_group_name": "k8s-baston-nsg",
            "priority": 101,
            "protocol": "Tcp",
            "resource_group_name": "k8s-infra",
            "source_address_prefix": "*",
            "source_address_prefixes": [],
            "source_application_security_group_ids": [],
            "source_port_range": "*",
            "source_port_ranges": [],
            "timeouts": null
          },
          "private": "eyJlMmJmYjczMC1lY2FhLTExZTYtOGY4OC0zNDM2M2JjN2M0YzAiOnsiY3JlYXRlIjoxODAwMDAwMDAwMDAwLCJkZWxldGUiOjE4MDAwMDAwMDAwMDAsInJlYWQiOjMwMDAwMDAwMDAwMCwidXBkYXRlIjoxODAwMDAwMDAwMDAwfX0=",
          "dependencies": [
            "azurerm_network_security_group.baston_nsg",
            "azurerm_resource_group.resource_group_name"
          ]
        }
      ]
    },
    {
      "mode": "managed",
      "type": "azurerm_network_security_rule",
      "name": "master_nsgr",
      "provider": "provider[\"registry.terraform.io/hashicorp/azurerm\"]",
      "instances": [
        {
          "schema_version": 0,
          "attributes": {
            "access": "Allow",
            "description": "",
            "destination_address_prefix": "*",
            "destination_address_prefixes": [],
            "destination_application_security_group_ids": [],
            "destination_port_range": "6443",
            "destination_port_ranges": [],
            "direction": "Inbound",
            "id": "/subscriptions/886ee2a4-e790-43c5-bfa4-5c8db2e433f6/resourceGroups/k8s-infra/providers/Microsoft.Network/networkSecurityGroups/k8s-master-nsg/securityRules/HTTPS",
            "name": "HTTPS",
            "network_security_group_name": "k8s-master-nsg",
            "priority": 101,
            "protocol": "Tcp",
            "resource_group_name": "k8s-infra",
            "source_address_prefix": "*",
            "source_address_prefixes": [],
            "source_application_security_group_ids": [],
            "source_port_range": "*",
            "source_port_ranges": [],
            "timeouts": null
          },
          "private": "eyJlMmJmYjczMC1lY2FhLTExZTYtOGY4OC0zNDM2M2JjN2M0YzAiOnsiY3JlYXRlIjoxODAwMDAwMDAwMDAwLCJkZWxldGUiOjE4MDAwMDAwMDAwMDAsInJlYWQiOjMwMDAwMDAwMDAwMCwidXBkYXRlIjoxODAwMDAwMDAwMDAwfX0=",
          "dependencies": [
            "azurerm_network_security_group.master_nsg",
            "azurerm_resource_group.resource_group_name"
          ]
        }
      ]
    },
    {
      "mode": "managed",
      "type": "azurerm_public_ip",
      "name": "baston_pip",
      "provider": "provider[\"registry.terraform.io/hashicorp/azurerm\"]",
      "instances": [
        {
          "schema_version": 0,
          "attributes": {
            "allocation_method": "Static",
            "domain_name_label": "k8s-baston-pip",
            "fqdn": "k8s-baston-pip.westus2.cloudapp.azure.com",
            "id": "/subscriptions/886ee2a4-e790-43c5-bfa4-5c8db2e433f6/resourceGroups/k8s-infra/providers/Microsoft.Network/publicIPAddresses/k8s-baston-pip",
            "idle_timeout_in_minutes": 4,
            "ip_address": "13.66.164.221",
            "ip_version": "IPv4",
            "location": "westus2",
            "name": "k8s-baston-pip",
            "public_ip_prefix_id": null,
            "resource_group_name": "k8s-infra",
            "reverse_fqdn": "",
            "sku": "Basic",
            "tags": {},
            "timeouts": null,
            "zones": []
          },
          "private": "eyJlMmJmYjczMC1lY2FhLTExZTYtOGY4OC0zNDM2M2JjN2M0YzAiOnsiY3JlYXRlIjoxODAwMDAwMDAwMDAwLCJkZWxldGUiOjE4MDAwMDAwMDAwMDAsInJlYWQiOjMwMDAwMDAwMDAwMCwidXBkYXRlIjoxODAwMDAwMDAwMDAwfX0=",
          "dependencies": [
            "azurerm_resource_group.resource_group_name"
          ]
        }
      ]
    },
    {
      "mode": "managed",
      "type": "azurerm_public_ip",
      "name": "master_pip",
      "provider": "provider[\"registry.terraform.io/hashicorp/azurerm\"]",
      "instances": [
        {
          "schema_version": 0,
          "attributes": {
            "allocation_method": "Static",
            "domain_name_label": "k8s-master-pip",
            "fqdn": "k8s-master-pip.westus2.cloudapp.azure.com",
            "id": "/subscriptions/886ee2a4-e790-43c5-bfa4-5c8db2e433f6/resourceGroups/k8s-infra/providers/Microsoft.Network/publicIPAddresses/k8s-master-pip",
            "idle_timeout_in_minutes": 4,
            "ip_address": "13.66.167.61",
            "ip_version": "IPv4",
            "location": "westus2",
            "name": "k8s-master-pip",
            "public_ip_prefix_id": null,
            "resource_group_name": "k8s-infra",
            "reverse_fqdn": "",
            "sku": "Basic",
            "tags": {},
            "timeouts": null,
            "zones": []
          },
          "private": "eyJlMmJmYjczMC1lY2FhLTExZTYtOGY4OC0zNDM2M2JjN2M0YzAiOnsiY3JlYXRlIjoxODAwMDAwMDAwMDAwLCJkZWxldGUiOjE4MDAwMDAwMDAwMDAsInJlYWQiOjMwMDAwMDAwMDAwMCwidXBkYXRlIjoxODAwMDAwMDAwMDAwfX0=",
          "dependencies": [
            "azurerm_resource_group.resource_group_name"
          ]
        }
      ]
    },
    {
      "mode": "managed",
      "type": "azurerm_resource_group",
      "name": "resource_group_name",
      "provider": "provider[\"registry.terraform.io/hashicorp/azurerm\"]",
      "instances": [
        {
          "schema_version": 0,
          "attributes": {
            "id": "/subscriptions/886ee2a4-e790-43c5-bfa4-5c8db2e433f6/resourceGroups/k8s-infra",
            "location": "westus2",
            "name": "k8s-infra",
            "tags": {},
            "timeouts": null
          }
        }
      ]
    },
    {
      "mode": "managed",
      "type": "azurerm_role_assignment",
      "name": "user_assigned_identity_roleassignment",
      "provider": "provider[\"registry.terraform.io/hashicorp/azurerm\"]",
      "instances": []
    },
    {
      "mode": "managed",
      "type": "azurerm_subnet",
      "name": "agent_subnet",
      "provider": "provider[\"registry.terraform.io/hashicorp/azurerm\"]",
      "instances": [
        {
          "schema_version": 0,
          "attributes": {
            "address_prefix": "172.16.0.0/16",
            "address_prefixes": [
              "172.16.0.0/16"
            ],
            "delegation": [],
            "enforce_private_link_endpoint_network_policies": false,
            "enforce_private_link_service_network_policies": false,
            "id": "/subscriptions/886ee2a4-e790-43c5-bfa4-5c8db2e433f6/resourceGroups/k8s-infra/providers/Microsoft.Network/virtualNetworks/k8s-vnet/subnets/k8s-agent-subnet",
            "name": "k8s-agent-subnet",
            "resource_group_name": "k8s-infra",
            "service_endpoints": [],
            "timeouts": null,
            "virtual_network_name": "k8s-vnet"
          },
          "private": "eyJlMmJmYjczMC1lY2FhLTExZTYtOGY4OC0zNDM2M2JjN2M0YzAiOnsiY3JlYXRlIjoxODAwMDAwMDAwMDAwLCJkZWxldGUiOjE4MDAwMDAwMDAwMDAsInJlYWQiOjMwMDAwMDAwMDAwMCwidXBkYXRlIjoxODAwMDAwMDAwMDAwfX0=",
          "dependencies": [
            "azurerm_resource_group.resource_group_name",
            "azurerm_virtual_network.vnet"
          ]
        }
      ]
    },
    {
      "mode": "managed",
      "type": "azurerm_subnet",
      "name": "baston_subnet",
      "provider": "provider[\"registry.terraform.io/hashicorp/azurerm\"]",
      "instances": [
        {
          "schema_version": 0,
          "attributes": {
            "address_prefix": "172.17.0.0/16",
            "address_prefixes": [
              "172.17.0.0/16"
            ],
            "delegation": [],
            "enforce_private_link_endpoint_network_policies": false,
            "enforce_private_link_service_network_policies": false,
            "id": "/subscriptions/886ee2a4-e790-43c5-bfa4-5c8db2e433f6/resourceGroups/k8s-infra/providers/Microsoft.Network/virtualNetworks/k8s-vnet/subnets/k8s-baston-subnet",
            "name": "k8s-baston-subnet",
            "resource_group_name": "k8s-infra",
            "service_endpoints": [],
            "timeouts": null,
            "virtual_network_name": "k8s-vnet"
          },
          "private": "eyJlMmJmYjczMC1lY2FhLTExZTYtOGY4OC0zNDM2M2JjN2M0YzAiOnsiY3JlYXRlIjoxODAwMDAwMDAwMDAwLCJkZWxldGUiOjE4MDAwMDAwMDAwMDAsInJlYWQiOjMwMDAwMDAwMDAwMCwidXBkYXRlIjoxODAwMDAwMDAwMDAwfX0=",
          "dependencies": [
            "azurerm_resource_group.resource_group_name",
            "azurerm_virtual_network.vnet"
          ]
        }
      ]
    },
    {
      "mode": "managed",
      "type": "azurerm_subnet",
      "name": "master_subnet",
      "provider": "provider[\"registry.terraform.io/hashicorp/azurerm\"]",
      "instances": [
        {
          "schema_version": 0,
          "attributes": {
            "address_prefix": "172.15.0.0/16",
            "address_prefixes": [
              "172.15.0.0/16"
            ],
            "delegation": [],
            "enforce_private_link_endpoint_network_policies": false,
            "enforce_private_link_service_network_policies": false,
            "id": "/subscriptions/886ee2a4-e790-43c5-bfa4-5c8db2e433f6/resourceGroups/k8s-infra/providers/Microsoft.Network/virtualNetworks/k8s-vnet/subnets/k8s-master-subnet",
            "name": "k8s-master-subnet",
            "resource_group_name": "k8s-infra",
            "service_endpoints": [],
            "timeouts": null,
            "virtual_network_name": "k8s-vnet"
          },
          "private": "eyJlMmJmYjczMC1lY2FhLTExZTYtOGY4OC0zNDM2M2JjN2M0YzAiOnsiY3JlYXRlIjoxODAwMDAwMDAwMDAwLCJkZWxldGUiOjE4MDAwMDAwMDAwMDAsInJlYWQiOjMwMDAwMDAwMDAwMCwidXBkYXRlIjoxODAwMDAwMDAwMDAwfX0=",
          "dependencies": [
            "azurerm_resource_group.resource_group_name",
            "azurerm_virtual_network.vnet"
          ]
        }
      ]
    },
    {
      "mode": "managed",
      "type": "azurerm_subnet_network_security_group_association",
      "name": "agent_subnet_nsg",
      "provider": "provider[\"registry.terraform.io/hashicorp/azurerm\"]",
      "instances": [
        {
          "schema_version": 0,
          "attributes": {
            "id": "/subscriptions/886ee2a4-e790-43c5-bfa4-5c8db2e433f6/resourceGroups/k8s-infra/providers/Microsoft.Network/virtualNetworks/k8s-vnet/subnets/k8s-agent-subnet",
            "network_security_group_id": "/subscriptions/886ee2a4-e790-43c5-bfa4-5c8db2e433f6/resourceGroups/k8s-infra/providers/Microsoft.Network/networkSecurityGroups/k8s-agent-nsg",
            "subnet_id": "/subscriptions/886ee2a4-e790-43c5-bfa4-5c8db2e433f6/resourceGroups/k8s-infra/providers/Microsoft.Network/virtualNetworks/k8s-vnet/subnets/k8s-agent-subnet",
            "timeouts": null
          },
          "private": "eyJlMmJmYjczMC1lY2FhLTExZTYtOGY4OC0zNDM2M2JjN2M0YzAiOnsiY3JlYXRlIjoxODAwMDAwMDAwMDAwLCJkZWxldGUiOjE4MDAwMDAwMDAwMDAsInJlYWQiOjMwMDAwMDAwMDAwMCwidXBkYXRlIjoxODAwMDAwMDAwMDAwfX0=",
          "dependencies": [
            "azurerm_network_security_group.agent_nsg",
            "azurerm_resource_group.resource_group_name",
            "azurerm_subnet.agent_subnet",
            "azurerm_virtual_network.vnet"
          ]
        }
      ]
    },
    {
      "mode": "managed",
      "type": "azurerm_subnet_network_security_group_association",
      "name": "baston_subnet_nsg",
      "provider": "provider[\"registry.terraform.io/hashicorp/azurerm\"]",
      "instances": [
        {
          "schema_version": 0,
          "attributes": {
            "id": "/subscriptions/886ee2a4-e790-43c5-bfa4-5c8db2e433f6/resourceGroups/k8s-infra/providers/Microsoft.Network/virtualNetworks/k8s-vnet/subnets/k8s-baston-subnet",
            "network_security_group_id": "/subscriptions/886ee2a4-e790-43c5-bfa4-5c8db2e433f6/resourceGroups/k8s-infra/providers/Microsoft.Network/networkSecurityGroups/k8s-baston-nsg",
            "subnet_id": "/subscriptions/886ee2a4-e790-43c5-bfa4-5c8db2e433f6/resourceGroups/k8s-infra/providers/Microsoft.Network/virtualNetworks/k8s-vnet/subnets/k8s-baston-subnet",
            "timeouts": null
          },
          "private": "eyJlMmJmYjczMC1lY2FhLTExZTYtOGY4OC0zNDM2M2JjN2M0YzAiOnsiY3JlYXRlIjoxODAwMDAwMDAwMDAwLCJkZWxldGUiOjE4MDAwMDAwMDAwMDAsInJlYWQiOjMwMDAwMDAwMDAwMCwidXBkYXRlIjoxODAwMDAwMDAwMDAwfX0=",
          "dependencies": [
            "azurerm_network_security_group.baston_nsg",
            "azurerm_resource_group.resource_group_name",
            "azurerm_subnet.baston_subnet",
            "azurerm_virtual_network.vnet"
          ]
        }
      ]
    },
    {
      "mode": "managed",
      "type": "azurerm_subnet_network_security_group_association",
      "name": "master_subnet_nsg",
      "provider": "provider[\"registry.terraform.io/hashicorp/azurerm\"]",
      "instances": [
        {
          "schema_version": 0,
          "attributes": {
            "id": "/subscriptions/886ee2a4-e790-43c5-bfa4-5c8db2e433f6/resourceGroups/k8s-infra/providers/Microsoft.Network/virtualNetworks/k8s-vnet/subnets/k8s-master-subnet",
            "network_security_group_id": "/subscriptions/886ee2a4-e790-43c5-bfa4-5c8db2e433f6/resourceGroups/k8s-infra/providers/Microsoft.Network/networkSecurityGroups/k8s-master-nsg",
            "subnet_id": "/subscriptions/886ee2a4-e790-43c5-bfa4-5c8db2e433f6/resourceGroups/k8s-infra/providers/Microsoft.Network/virtualNetworks/k8s-vnet/subnets/k8s-master-subnet",
            "timeouts": null
          },
          "private": "eyJlMmJmYjczMC1lY2FhLTExZTYtOGY4OC0zNDM2M2JjN2M0YzAiOnsiY3JlYXRlIjoxODAwMDAwMDAwMDAwLCJkZWxldGUiOjE4MDAwMDAwMDAwMDAsInJlYWQiOjMwMDAwMDAwMDAwMCwidXBkYXRlIjoxODAwMDAwMDAwMDAwfX0=",
          "dependencies": [
            "azurerm_network_security_group.master_nsg",
            "azurerm_resource_group.resource_group_name",
            "azurerm_subnet.master_subnet",
            "azurerm_virtual_network.vnet"
          ]
        }
      ]
    },
    {
      "mode": "managed",
      "type": "azurerm_user_assigned_identity",
      "name": "user_assigned_identity",
      "provider": "provider[\"registry.terraform.io/hashicorp/azurerm\"]",
      "instances": [
        {
          "schema_version": 0,
          "attributes": {
            "client_id": "6743a74f-7b08-42b1-86e8-28beeab6b370",
            "id": "/subscriptions/886ee2a4-e790-43c5-bfa4-5c8db2e433f6/resourcegroups/k8s-infra/providers/Microsoft.ManagedIdentity/userAssignedIdentities/k8s-uai",
            "location": "westus2",
            "name": "k8s-uai",
            "principal_id": "434d765b-d3ab-4ec0-9ac7-a302cd37bae1",
            "resource_group_name": "k8s-infra",
            "tags": {},
            "timeouts": null
          },
          "private": "eyJlMmJmYjczMC1lY2FhLTExZTYtOGY4OC0zNDM2M2JjN2M0YzAiOnsiY3JlYXRlIjoxODAwMDAwMDAwMDAwLCJkZWxldGUiOjE4MDAwMDAwMDAwMDAsInJlYWQiOjMwMDAwMDAwMDAwMCwidXBkYXRlIjoxODAwMDAwMDAwMDAwfX0=",
          "dependencies": [
            "azurerm_resource_group.resource_group_name"
          ]
        }
      ]
    },
    {
      "mode": "managed",
      "type": "azurerm_virtual_network",
      "name": "vnet",
      "provider": "provider[\"registry.terraform.io/hashicorp/azurerm\"]",
      "instances": [
        {
          "schema_version": 0,
          "attributes": {
            "address_space": [
              "172.15.0.0/16",
              "172.16.0.0/16",
              "172.17.0.0/16"
            ],
            "ddos_protection_plan": [],
            "dns_servers": [],
            "guid": "4ebed9be-78bb-4b49-912c-9f69bea67f22",
            "id": "/subscriptions/886ee2a4-e790-43c5-bfa4-5c8db2e433f6/resourceGroups/k8s-infra/providers/Microsoft.Network/virtualNetworks/k8s-vnet",
            "location": "westus2",
            "name": "k8s-vnet",
            "resource_group_name": "k8s-infra",
            "subnet": [
              {
                "address_prefix": "172.15.0.0/16",
                "id": "/subscriptions/886ee2a4-e790-43c5-bfa4-5c8db2e433f6/resourceGroups/k8s-infra/providers/Microsoft.Network/virtualNetworks/k8s-vnet/subnets/k8s-master-subnet",
                "name": "k8s-master-subnet",
                "security_group": "/subscriptions/886ee2a4-e790-43c5-bfa4-5c8db2e433f6/resourceGroups/k8s-infra/providers/Microsoft.Network/networkSecurityGroups/k8s-master-nsg"
              },
              {
                "address_prefix": "172.16.0.0/16",
                "id": "/subscriptions/886ee2a4-e790-43c5-bfa4-5c8db2e433f6/resourceGroups/k8s-infra/providers/Microsoft.Network/virtualNetworks/k8s-vnet/subnets/k8s-agent-subnet",
                "name": "k8s-agent-subnet",
                "security_group": "/subscriptions/886ee2a4-e790-43c5-bfa4-5c8db2e433f6/resourceGroups/k8s-infra/providers/Microsoft.Network/networkSecurityGroups/k8s-agent-nsg"
              },
              {
                "address_prefix": "172.17.0.0/16",
                "id": "/subscriptions/886ee2a4-e790-43c5-bfa4-5c8db2e433f6/resourceGroups/k8s-infra/providers/Microsoft.Network/virtualNetworks/k8s-vnet/subnets/k8s-baston-subnet",
                "name": "k8s-baston-subnet",
                "security_group": "/subscriptions/886ee2a4-e790-43c5-bfa4-5c8db2e433f6/resourceGroups/k8s-infra/providers/Microsoft.Network/networkSecurityGroups/k8s-baston-nsg"
              }
            ],
            "tags": {},
            "timeouts": null
          },
          "private": "eyJlMmJmYjczMC1lY2FhLTExZTYtOGY4OC0zNDM2M2JjN2M0YzAiOnsiY3JlYXRlIjoxODAwMDAwMDAwMDAwLCJkZWxldGUiOjE4MDAwMDAwMDAwMDAsInJlYWQiOjMwMDAwMDAwMDAwMCwidXBkYXRlIjoxODAwMDAwMDAwMDAwfX0=",
          "dependencies": [
            "azurerm_resource_group.resource_group_name"
          ]
        }
      ]
    }
  ]
}
