{
  "version": 4,
  "terraform_version": "0.13.3",
  "serial": 33,
  "lineage": "8b7b1928-9d01-a182-258a-1803e71b51c1",
  "outputs": {},
  "resources": [
    {
      "mode": "managed",
      "type": "azurerm_lb",
      "name": "k8s_alb",
      "provider": "provider[\"registry.terraform.io/hashicorp/azurerm\"]",
      "instances": [
        {
          "schema_version": 0,
          "attributes": {
            "frontend_ip_configuration": [
              {
                "id": "/subscriptions/886ee2a4-e790-43c5-bfa4-5c8db2e433f6/resourceGroups/k8s-infra/providers/Microsoft.Network/loadBalancers/k8s-agent-lb/frontendIPConfigurations/k8s-agent-pip",
                "inbound_nat_rules": [],
                "load_balancer_rules": [
                  "/subscriptions/886ee2a4-e790-43c5-bfa4-5c8db2e433f6/resourceGroups/k8s-infra/providers/Microsoft.Network/loadBalancers/k8s-agent-lb/loadBalancingRules/k8s-agent-lb-r"
                ],
                "name": "k8s-agent-pip",
                "outbound_rules": [],
                "private_ip_address": "",
                "private_ip_address_allocation": "Dynamic",
                "private_ip_address_version": "IPv4",
                "public_ip_address_id": "/subscriptions/886ee2a4-e790-43c5-bfa4-5c8db2e433f6/resourceGroups/k8s-infra/providers/Microsoft.Network/publicIPAddresses/k8s-agent-pip",
                "public_ip_prefix_id": "",
                "subnet_id": "",
                "zones": []
              }
            ],
            "id": "/subscriptions/886ee2a4-e790-43c5-bfa4-5c8db2e433f6/resourceGroups/k8s-infra/providers/Microsoft.Network/loadBalancers/k8s-agent-lb",
            "location": "westus2",
            "name": "k8s-agent-lb",
            "private_ip_address": "",
            "private_ip_addresses": [],
            "resource_group_name": "k8s-infra",
            "sku": "Basic",
            "tags": {},
            "timeouts": null
          },
          "private": "eyJlMmJmYjczMC1lY2FhLTExZTYtOGY4OC0zNDM2M2JjN2M0YzAiOnsiY3JlYXRlIjoxODAwMDAwMDAwMDAwLCJkZWxldGUiOjE4MDAwMDAwMDAwMDAsInJlYWQiOjMwMDAwMDAwMDAwMCwidXBkYXRlIjoxODAwMDAwMDAwMDAwfX0=",
          "dependencies": [
            "azurerm_public_ip.k8s_apip",
            "azurerm_resource_group.k8s_infra"
          ]
        }
      ]
    },
    {
      "mode": "managed",
      "type": "azurerm_lb",
      "name": "k8s_mlb",
      "provider": "provider[\"registry.terraform.io/hashicorp/azurerm\"]",
      "instances": [
        {
          "schema_version": 0,
          "attributes": {
            "frontend_ip_configuration": [
              {
                "id": "/subscriptions/886ee2a4-e790-43c5-bfa4-5c8db2e433f6/resourceGroups/k8s-infra/providers/Microsoft.Network/loadBalancers/k8s-master-lb/frontendIPConfigurations/k8s-master-pip",
                "inbound_nat_rules": [],
                "load_balancer_rules": [
                  "/subscriptions/886ee2a4-e790-43c5-bfa4-5c8db2e433f6/resourceGroups/k8s-infra/providers/Microsoft.Network/loadBalancers/k8s-master-lb/loadBalancingRules/k8s-master-lb-r"
                ],
                "name": "k8s-master-pip",
                "outbound_rules": [],
                "private_ip_address": "",
                "private_ip_address_allocation": "Dynamic",
                "private_ip_address_version": "IPv4",
                "public_ip_address_id": "/subscriptions/886ee2a4-e790-43c5-bfa4-5c8db2e433f6/resourceGroups/k8s-infra/providers/Microsoft.Network/publicIPAddresses/k8s-master-pip",
                "public_ip_prefix_id": "",
                "subnet_id": "",
                "zones": []
              }
            ],
            "id": "/subscriptions/886ee2a4-e790-43c5-bfa4-5c8db2e433f6/resourceGroups/k8s-infra/providers/Microsoft.Network/loadBalancers/k8s-master-lb",
            "location": "westus2",
            "name": "k8s-master-lb",
            "private_ip_address": "",
            "private_ip_addresses": [],
            "resource_group_name": "k8s-infra",
            "sku": "Basic",
            "tags": {},
            "timeouts": null
          },
          "private": "eyJlMmJmYjczMC1lY2FhLTExZTYtOGY4OC0zNDM2M2JjN2M0YzAiOnsiY3JlYXRlIjoxODAwMDAwMDAwMDAwLCJkZWxldGUiOjE4MDAwMDAwMDAwMDAsInJlYWQiOjMwMDAwMDAwMDAwMCwidXBkYXRlIjoxODAwMDAwMDAwMDAwfX0=",
          "dependencies": [
            "azurerm_public_ip.k8s_mpip",
            "azurerm_resource_group.k8s_infra"
          ]
        }
      ]
    },
    {
      "mode": "managed",
      "type": "azurerm_lb_backend_address_pool",
      "name": "k8s_alb_bep",
      "provider": "provider[\"registry.terraform.io/hashicorp/azurerm\"]",
      "instances": [
        {
          "schema_version": 0,
          "attributes": {
            "backend_ip_configurations": [
              "/subscriptions/886ee2a4-e790-43c5-bfa4-5c8db2e433f6/resourceGroups/k8s-infra/providers/Microsoft.Compute/virtualMachineScaleSets/k8s-agent/virtualMachines/0/networkInterfaces/k8s-agent-np/ipConfigurations/k8s-agent-ic"
            ],
            "id": "/subscriptions/886ee2a4-e790-43c5-bfa4-5c8db2e433f6/resourceGroups/k8s-infra/providers/Microsoft.Network/loadBalancers/k8s-agent-lb/backendAddressPools/k8s-agent-lb-bep",
            "load_balancing_rules": [],
            "loadbalancer_id": "/subscriptions/886ee2a4-e790-43c5-bfa4-5c8db2e433f6/resourceGroups/k8s-infra/providers/Microsoft.Network/loadBalancers/k8s-agent-lb",
            "name": "k8s-agent-lb-bep",
            "resource_group_name": "k8s-infra",
            "timeouts": null
          },
          "private": "eyJlMmJmYjczMC1lY2FhLTExZTYtOGY4OC0zNDM2M2JjN2M0YzAiOnsiY3JlYXRlIjoxODAwMDAwMDAwMDAwLCJkZWxldGUiOjE4MDAwMDAwMDAwMDAsInJlYWQiOjMwMDAwMDAwMDAwMCwidXBkYXRlIjoxODAwMDAwMDAwMDAwfX0=",
          "dependencies": [
            "azurerm_lb.k8s_alb",
            "azurerm_public_ip.k8s_apip",
            "azurerm_resource_group.k8s_infra"
          ]
        }
      ]
    },
    {
      "mode": "managed",
      "type": "azurerm_lb_backend_address_pool",
      "name": "k8s_mlb_bep",
      "provider": "provider[\"registry.terraform.io/hashicorp/azurerm\"]",
      "instances": [
        {
          "schema_version": 0,
          "attributes": {
            "backend_ip_configurations": [
              "/subscriptions/886ee2a4-e790-43c5-bfa4-5c8db2e433f6/resourceGroups/k8s-infra/providers/Microsoft.Compute/virtualMachineScaleSets/k8s-master/virtualMachines/0/networkInterfaces/k8s-master-np/ipConfigurations/k8s-master-ic"
            ],
            "id": "/subscriptions/886ee2a4-e790-43c5-bfa4-5c8db2e433f6/resourceGroups/k8s-infra/providers/Microsoft.Network/loadBalancers/k8s-master-lb/backendAddressPools/k8s-master-lb-bep",
            "load_balancing_rules": [],
            "loadbalancer_id": "/subscriptions/886ee2a4-e790-43c5-bfa4-5c8db2e433f6/resourceGroups/k8s-infra/providers/Microsoft.Network/loadBalancers/k8s-master-lb",
            "name": "k8s-master-lb-bep",
            "resource_group_name": "k8s-infra",
            "timeouts": null
          },
          "private": "eyJlMmJmYjczMC1lY2FhLTExZTYtOGY4OC0zNDM2M2JjN2M0YzAiOnsiY3JlYXRlIjoxODAwMDAwMDAwMDAwLCJkZWxldGUiOjE4MDAwMDAwMDAwMDAsInJlYWQiOjMwMDAwMDAwMDAwMCwidXBkYXRlIjoxODAwMDAwMDAwMDAwfX0=",
          "dependencies": [
            "azurerm_lb.k8s_mlb",
            "azurerm_public_ip.k8s_mpip",
            "azurerm_resource_group.k8s_infra"
          ]
        }
      ]
    },
    {
      "mode": "managed",
      "type": "azurerm_lb_probe",
      "name": "k8s_alb_p",
      "provider": "provider[\"registry.terraform.io/hashicorp/azurerm\"]",
      "instances": [
        {
          "schema_version": 0,
          "attributes": {
            "id": "/subscriptions/886ee2a4-e790-43c5-bfa4-5c8db2e433f6/resourceGroups/k8s-infra/providers/Microsoft.Network/loadBalancers/k8s-agent-lb/probes/k8s_agent-lb-p",
            "interval_in_seconds": 15,
            "load_balancer_rules": [],
            "loadbalancer_id": "/subscriptions/886ee2a4-e790-43c5-bfa4-5c8db2e433f6/resourceGroups/k8s-infra/providers/Microsoft.Network/loadBalancers/k8s-agent-lb",
            "name": "k8s_agent-lb-p",
            "number_of_probes": 2,
            "port": 6443,
            "protocol": "Tcp",
            "request_path": "",
            "resource_group_name": "k8s-infra",
            "timeouts": null
          },
          "private": "eyJlMmJmYjczMC1lY2FhLTExZTYtOGY4OC0zNDM2M2JjN2M0YzAiOnsiY3JlYXRlIjoxODAwMDAwMDAwMDAwLCJkZWxldGUiOjE4MDAwMDAwMDAwMDAsInJlYWQiOjMwMDAwMDAwMDAwMCwidXBkYXRlIjoxODAwMDAwMDAwMDAwfX0=",
          "dependencies": [
            "azurerm_lb.k8s_alb",
            "azurerm_public_ip.k8s_apip",
            "azurerm_resource_group.k8s_infra"
          ]
        }
      ]
    },
    {
      "mode": "managed",
      "type": "azurerm_lb_probe",
      "name": "k8s_mlb_p",
      "provider": "provider[\"registry.terraform.io/hashicorp/azurerm\"]",
      "instances": [
        {
          "schema_version": 0,
          "attributes": {
            "id": "/subscriptions/886ee2a4-e790-43c5-bfa4-5c8db2e433f6/resourceGroups/k8s-infra/providers/Microsoft.Network/loadBalancers/k8s-master-lb/probes/k8s-master-lb-p",
            "interval_in_seconds": 15,
            "load_balancer_rules": [],
            "loadbalancer_id": "/subscriptions/886ee2a4-e790-43c5-bfa4-5c8db2e433f6/resourceGroups/k8s-infra/providers/Microsoft.Network/loadBalancers/k8s-master-lb",
            "name": "k8s-master-lb-p",
            "number_of_probes": 2,
            "port": 6443,
            "protocol": "Tcp",
            "request_path": "",
            "resource_group_name": "k8s-infra",
            "timeouts": null
          },
          "private": "eyJlMmJmYjczMC1lY2FhLTExZTYtOGY4OC0zNDM2M2JjN2M0YzAiOnsiY3JlYXRlIjoxODAwMDAwMDAwMDAwLCJkZWxldGUiOjE4MDAwMDAwMDAwMDAsInJlYWQiOjMwMDAwMDAwMDAwMCwidXBkYXRlIjoxODAwMDAwMDAwMDAwfX0=",
          "dependencies": [
            "azurerm_lb.k8s_mlb",
            "azurerm_public_ip.k8s_mpip",
            "azurerm_resource_group.k8s_infra"
          ]
        }
      ]
    },
    {
      "mode": "managed",
      "type": "azurerm_lb_rule",
      "name": "k8s_lbr",
      "provider": "provider[\"registry.terraform.io/hashicorp/azurerm\"]",
      "instances": [
        {
          "schema_version": 0,
          "attributes": {
            "backend_address_pool_id": null,
            "backend_port": 6443,
            "disable_outbound_snat": false,
            "enable_floating_ip": false,
            "enable_tcp_reset": false,
            "frontend_ip_configuration_id": "/subscriptions/886ee2a4-e790-43c5-bfa4-5c8db2e433f6/resourceGroups/k8s-infra/providers/Microsoft.Network/loadBalancers/k8s-agent-lb/frontendIPConfigurations/k8s-agent-pip",
            "frontend_ip_configuration_name": "k8s-agent-pip",
            "frontend_port": 443,
            "id": "/subscriptions/886ee2a4-e790-43c5-bfa4-5c8db2e433f6/resourceGroups/k8s-infra/providers/Microsoft.Network/loadBalancers/k8s-agent-lb/loadBalancingRules/k8s-agent-lb-r",
            "idle_timeout_in_minutes": 4,
            "load_distribution": "Default",
            "loadbalancer_id": "/subscriptions/886ee2a4-e790-43c5-bfa4-5c8db2e433f6/resourceGroups/k8s-infra/providers/Microsoft.Network/loadBalancers/k8s-agent-lb",
            "name": "k8s-agent-lb-r",
            "probe_id": null,
            "protocol": "Tcp",
            "resource_group_name": "k8s-infra",
            "timeouts": null
          },
          "private": "eyJlMmJmYjczMC1lY2FhLTExZTYtOGY4OC0zNDM2M2JjN2M0YzAiOnsiY3JlYXRlIjoxODAwMDAwMDAwMDAwLCJkZWxldGUiOjE4MDAwMDAwMDAwMDAsInJlYWQiOjMwMDAwMDAwMDAwMCwidXBkYXRlIjoxODAwMDAwMDAwMDAwfX0=",
          "dependencies": [
            "azurerm_lb.k8s_alb",
            "azurerm_public_ip.k8s_apip",
            "azurerm_resource_group.k8s_infra"
          ]
        }
      ]
    },
    {
      "mode": "managed",
      "type": "azurerm_lb_rule",
      "name": "k8s_mlb_r",
      "provider": "provider[\"registry.terraform.io/hashicorp/azurerm\"]",
      "instances": [
        {
          "schema_version": 0,
          "attributes": {
            "backend_address_pool_id": null,
            "backend_port": 6443,
            "disable_outbound_snat": false,
            "enable_floating_ip": false,
            "enable_tcp_reset": false,
            "frontend_ip_configuration_id": "/subscriptions/886ee2a4-e790-43c5-bfa4-5c8db2e433f6/resourceGroups/k8s-infra/providers/Microsoft.Network/loadBalancers/k8s-master-lb/frontendIPConfigurations/k8s-master-pip",
            "frontend_ip_configuration_name": "k8s-master-pip",
            "frontend_port": 443,
            "id": "/subscriptions/886ee2a4-e790-43c5-bfa4-5c8db2e433f6/resourceGroups/k8s-infra/providers/Microsoft.Network/loadBalancers/k8s-master-lb/loadBalancingRules/k8s-master-lb-r",
            "idle_timeout_in_minutes": 4,
            "load_distribution": "Default",
            "loadbalancer_id": "/subscriptions/886ee2a4-e790-43c5-bfa4-5c8db2e433f6/resourceGroups/k8s-infra/providers/Microsoft.Network/loadBalancers/k8s-master-lb",
            "name": "k8s-master-lb-r",
            "probe_id": null,
            "protocol": "Tcp",
            "resource_group_name": "k8s-infra",
            "timeouts": null
          },
          "private": "eyJlMmJmYjczMC1lY2FhLTExZTYtOGY4OC0zNDM2M2JjN2M0YzAiOnsiY3JlYXRlIjoxODAwMDAwMDAwMDAwLCJkZWxldGUiOjE4MDAwMDAwMDAwMDAsInJlYWQiOjMwMDAwMDAwMDAwMCwidXBkYXRlIjoxODAwMDAwMDAwMDAwfX0=",
          "dependencies": [
            "azurerm_lb.k8s_mlb",
            "azurerm_resource_group.k8s_infra"
          ]
        }
      ]
    },
    {
      "mode": "managed",
      "type": "azurerm_linux_virtual_machine",
      "name": "k8s_baston",
      "provider": "provider[\"registry.terraform.io/hashicorp/azurerm\"]",
      "instances": [
        {
          "schema_version": 0,
          "attributes": {
            "additional_capabilities": [],
            "admin_password": null,
            "admin_ssh_key": [
              {
                "public_key": "ssh-rsa AAAAB3NzaC1yc2EAAAADAQABAAABAQDGtsBddOdB/S4tSFrbah1j6Yhhr498lCKU0prFrluqCnXvOH1BIerl7XW9aFCnxa7zByYM4tkszVc/jZFW0u+E4SBKP5iQmJvTuXMqCeA2PIt+c+ozM0p/EcMF90HpUDjVedLqhiYDmTxX7ITwcMkNm7v61BzjxO0D3eRG1gK1xJPcHNs96j96AhTBVu6bII363Ulz2FHVA627qopikcBlnB8I86CdLjyS4K28fejnR+J3djoCVHy47V2Kp88pOI91VmWy+qqIFdsDKmRq2AGvnY5SBULiVUGXOzK5p8JdX/ZwErMLzif70su2IjaE4Xct3HzW53pfQBWaLbCHYsuD\n",
                "username": "testshuang"
              }
            ],
            "admin_username": "testshuang",
            "allow_extension_operations": true,
            "availability_set_id": "",
            "boot_diagnostics": [],
            "computer_name": "k8s-baston",
            "custom_data": null,
            "dedicated_host_id": "",
            "disable_password_authentication": true,
            "eviction_policy": "",
            "id": "/subscriptions/886ee2a4-e790-43c5-bfa4-5c8db2e433f6/resourceGroups/k8s-infra/providers/Microsoft.Compute/virtualMachines/k8s-baston",
            "identity": [],
            "location": "westus2",
            "max_bid_price": -1,
            "name": "k8s-baston",
            "network_interface_ids": [
              "/subscriptions/886ee2a4-e790-43c5-bfa4-5c8db2e433f6/resourceGroups/k8s-infra/providers/Microsoft.Network/networkInterfaces/k8s-baston-nic"
            ],
            "os_disk": [
              {
                "caching": "ReadWrite",
                "diff_disk_settings": [],
                "disk_encryption_set_id": "",
                "disk_size_gb": 30,
                "name": "k8s-baston_OsDisk_1_368134eb398e43d78708e575aa173d62",
                "storage_account_type": "Standard_LRS",
                "write_accelerator_enabled": false
              }
            ],
            "plan": [],
            "priority": "Regular",
            "private_ip_address": "172.15.0.4",
            "private_ip_addresses": [
              "172.15.0.4"
            ],
            "provision_vm_agent": true,
            "proximity_placement_group_id": "",
            "public_ip_address": "20.190.35.123",
            "public_ip_addresses": [
              "20.190.35.123"
            ],
            "resource_group_name": "k8s-infra",
            "secret": [],
            "size": "Standard_B1ls",
            "source_image_id": "",
            "source_image_reference": [
              {
                "offer": "UbuntuServer",
                "publisher": "Canonical",
                "sku": "16.04-LTS",
                "version": "latest"
              }
            ],
            "tags": {},
            "timeouts": null,
            "virtual_machine_id": "c8cbd669-5634-4427-8dba-5b97687d6ee8",
            "virtual_machine_scale_set_id": "",
            "zone": ""
          },
          "private": "eyJlMmJmYjczMC1lY2FhLTExZTYtOGY4OC0zNDM2M2JjN2M0YzAiOnsiY3JlYXRlIjoyNzAwMDAwMDAwMDAwLCJkZWxldGUiOjI3MDAwMDAwMDAwMDAsInJlYWQiOjMwMDAwMDAwMDAwMCwidXBkYXRlIjoyNzAwMDAwMDAwMDAwfX0=",
          "dependencies": [
            "azurerm_network_interface.k8s_baston_nic",
            "azurerm_public_ip.k8s_bpip",
            "azurerm_resource_group.k8s_infra",
            "azurerm_subnet.k8s_bsubnet",
            "azurerm_virtual_network.k8s_vnet"
          ]
        }
      ]
    },
    {
      "mode": "managed",
      "type": "azurerm_network_interface",
      "name": "k8s_baston_nic",
      "provider": "provider[\"registry.terraform.io/hashicorp/azurerm\"]",
      "instances": [
        {
          "schema_version": 0,
          "attributes": {
            "applied_dns_servers": [],
            "dns_servers": [],
            "enable_accelerated_networking": false,
            "enable_ip_forwarding": false,
            "id": "/subscriptions/886ee2a4-e790-43c5-bfa4-5c8db2e433f6/resourceGroups/k8s-infra/providers/Microsoft.Network/networkInterfaces/k8s-baston-nic",
            "internal_dns_name_label": "",
            "internal_domain_name_suffix": "",
            "ip_configuration": [
              {
                "name": "public",
                "primary": true,
                "private_ip_address": "172.15.0.4",
                "private_ip_address_allocation": "Dynamic",
                "private_ip_address_version": "IPv4",
                "public_ip_address_id": "/subscriptions/886ee2a4-e790-43c5-bfa4-5c8db2e433f6/resourceGroups/k8s-infra/providers/Microsoft.Network/publicIPAddresses/k8s_baston-pip",
                "subnet_id": "/subscriptions/886ee2a4-e790-43c5-bfa4-5c8db2e433f6/resourceGroups/k8s-infra/providers/Microsoft.Network/virtualNetworks/k8s-vnet/subnets/k8s-bsubnet"
              }
            ],
            "location": "westus2",
            "mac_address": "00-0D-3A-6E-37-34",
            "name": "k8s-baston-nic",
            "private_ip_address": "172.15.0.4",
            "private_ip_addresses": [
              "172.15.0.4"
            ],
            "resource_group_name": "k8s-infra",
            "tags": {},
            "timeouts": null,
            "virtual_machine_id": "/subscriptions/886ee2a4-e790-43c5-bfa4-5c8db2e433f6/resourceGroups/k8s-infra/providers/Microsoft.Compute/virtualMachines/k8s-baston"
          },
          "private": "eyJlMmJmYjczMC1lY2FhLTExZTYtOGY4OC0zNDM2M2JjN2M0YzAiOnsiY3JlYXRlIjoxODAwMDAwMDAwMDAwLCJkZWxldGUiOjE4MDAwMDAwMDAwMDAsInJlYWQiOjMwMDAwMDAwMDAwMCwidXBkYXRlIjoxODAwMDAwMDAwMDAwfX0=",
          "dependencies": [
            "azurerm_public_ip.k8s_bpip",
            "azurerm_resource_group.k8s_infra",
            "azurerm_subnet.k8s_bsubnet",
            "azurerm_virtual_network.k8s_vnet"
          ]
        }
      ]
    },
    {
      "mode": "managed",
      "type": "azurerm_network_security_group",
      "name": "k8s_ansg",
      "provider": "provider[\"registry.terraform.io/hashicorp/azurerm\"]",
      "instances": [
        {
          "schema_version": 0,
          "attributes": {
            "id": "/subscriptions/886ee2a4-e790-43c5-bfa4-5c8db2e433f6/resourceGroups/k8s-infra/providers/Microsoft.Network/networkSecurityGroups/k8s-agent-nsg",
            "location": "westus2",
            "name": "k8s-agent-nsg",
            "resource_group_name": "k8s-infra",
            "security_rule": [
              {
                "access": "Allow",
                "description": "",
                "destination_address_prefix": "*",
                "destination_address_prefixes": [],
                "destination_application_security_group_ids": [],
                "destination_port_range": "22",
                "destination_port_ranges": [],
                "direction": "Inbound",
                "name": "SSH",
                "priority": 101,
                "protocol": "Tcp",
                "source_address_prefix": "*",
                "source_address_prefixes": [],
                "source_application_security_group_ids": [],
                "source_port_range": "*",
                "source_port_ranges": []
              }
            ],
            "tags": {},
            "timeouts": null
          },
          "private": "eyJlMmJmYjczMC1lY2FhLTExZTYtOGY4OC0zNDM2M2JjN2M0YzAiOnsiY3JlYXRlIjoxODAwMDAwMDAwMDAwLCJkZWxldGUiOjE4MDAwMDAwMDAwMDAsInJlYWQiOjMwMDAwMDAwMDAwMCwidXBkYXRlIjoxODAwMDAwMDAwMDAwfX0=",
          "dependencies": [
            "azurerm_resource_group.k8s_infra"
          ]
        }
      ]
    },
    {
      "mode": "managed",
      "type": "azurerm_network_security_group",
      "name": "k8s_bnsg",
      "provider": "provider[\"registry.terraform.io/hashicorp/azurerm\"]",
      "instances": [
        {
          "schema_version": 0,
          "attributes": {
            "id": "/subscriptions/886ee2a4-e790-43c5-bfa4-5c8db2e433f6/resourceGroups/k8s-infra/providers/Microsoft.Network/networkSecurityGroups/k8s-baston-nsg",
            "location": "westus2",
            "name": "k8s-baston-nsg",
            "resource_group_name": "k8s-infra",
            "security_rule": [
              {
                "access": "Allow",
                "description": "",
                "destination_address_prefix": "*",
                "destination_address_prefixes": [],
                "destination_application_security_group_ids": [],
                "destination_port_range": "22",
                "destination_port_ranges": [],
                "direction": "Inbound",
                "name": "SSH",
                "priority": 101,
                "protocol": "Tcp",
                "source_address_prefix": "*",
                "source_address_prefixes": [],
                "source_application_security_group_ids": [],
                "source_port_range": "*",
                "source_port_ranges": []
              }
            ],
            "tags": {},
            "timeouts": null
          },
          "private": "eyJlMmJmYjczMC1lY2FhLTExZTYtOGY4OC0zNDM2M2JjN2M0YzAiOnsiY3JlYXRlIjoxODAwMDAwMDAwMDAwLCJkZWxldGUiOjE4MDAwMDAwMDAwMDAsInJlYWQiOjMwMDAwMDAwMDAwMCwidXBkYXRlIjoxODAwMDAwMDAwMDAwfX0=",
          "dependencies": [
            "azurerm_resource_group.k8s_infra"
          ]
        }
      ]
    },
    {
      "mode": "managed",
      "type": "azurerm_network_security_group",
      "name": "k8s_mnsg",
      "provider": "provider[\"registry.terraform.io/hashicorp/azurerm\"]",
      "instances": [
        {
          "schema_version": 0,
          "attributes": {
            "id": "/subscriptions/886ee2a4-e790-43c5-bfa4-5c8db2e433f6/resourceGroups/k8s-infra/providers/Microsoft.Network/networkSecurityGroups/k8s-master-nsg",
            "location": "westus2",
            "name": "k8s-master-nsg",
            "resource_group_name": "k8s-infra",
            "security_rule": [
              {
                "access": "Allow",
                "description": "",
                "destination_address_prefix": "*",
                "destination_address_prefixes": [],
                "destination_application_security_group_ids": [],
                "destination_port_range": "443",
                "destination_port_ranges": [],
                "direction": "Inbound",
                "name": "apiserver",
                "priority": 100,
                "protocol": "Tcp",
                "source_address_prefix": "*",
                "source_address_prefixes": [],
                "source_application_security_group_ids": [],
                "source_port_range": "*",
                "source_port_ranges": []
              }
            ],
            "tags": {},
            "timeouts": null
          },
          "private": "eyJlMmJmYjczMC1lY2FhLTExZTYtOGY4OC0zNDM2M2JjN2M0YzAiOnsiY3JlYXRlIjoxODAwMDAwMDAwMDAwLCJkZWxldGUiOjE4MDAwMDAwMDAwMDAsInJlYWQiOjMwMDAwMDAwMDAwMCwidXBkYXRlIjoxODAwMDAwMDAwMDAwfX0=",
          "dependencies": [
            "azurerm_resource_group.k8s_infra"
          ]
        }
      ]
    },
    {
      "mode": "managed",
      "type": "azurerm_public_ip",
      "name": "k8s_apip",
      "provider": "provider[\"registry.terraform.io/hashicorp/azurerm\"]",
      "instances": [
        {
          "schema_version": 0,
          "attributes": {
            "allocation_method": "Static",
            "domain_name_label": "k8s-apip",
            "fqdn": "k8s-apip.westus2.cloudapp.azure.com",
            "id": "/subscriptions/886ee2a4-e790-43c5-bfa4-5c8db2e433f6/resourceGroups/k8s-infra/providers/Microsoft.Network/publicIPAddresses/k8s-agent-pip",
            "idle_timeout_in_minutes": 4,
            "ip_address": "20.190.35.112",
            "ip_version": "IPv4",
            "location": "westus2",
            "name": "k8s-agent-pip",
            "public_ip_prefix_id": null,
            "resource_group_name": "k8s-infra",
            "reverse_fqdn": "",
            "sku": "Basic",
            "tags": {},
            "timeouts": null,
            "zones": []
          },
          "private": "eyJlMmJmYjczMC1lY2FhLTExZTYtOGY4OC0zNDM2M2JjN2M0YzAiOnsiY3JlYXRlIjoxODAwMDAwMDAwMDAwLCJkZWxldGUiOjE4MDAwMDAwMDAwMDAsInJlYWQiOjMwMDAwMDAwMDAwMCwidXBkYXRlIjoxODAwMDAwMDAwMDAwfX0=",
          "dependencies": [
            "azurerm_resource_group.k8s_infra"
          ]
        }
      ]
    },
    {
      "mode": "managed",
      "type": "azurerm_public_ip",
      "name": "k8s_bpip",
      "provider": "provider[\"registry.terraform.io/hashicorp/azurerm\"]",
      "instances": [
        {
          "schema_version": 0,
          "attributes": {
            "allocation_method": "Static",
            "domain_name_label": "k8s-baston-pip",
            "fqdn": "k8s-baston-pip.westus2.cloudapp.azure.com",
            "id": "/subscriptions/886ee2a4-e790-43c5-bfa4-5c8db2e433f6/resourceGroups/k8s-infra/providers/Microsoft.Network/publicIPAddresses/k8s_baston-pip",
            "idle_timeout_in_minutes": 4,
            "ip_address": "20.190.35.123",
            "ip_version": "IPv4",
            "location": "westus2",
            "name": "k8s_baston-pip",
            "public_ip_prefix_id": null,
            "resource_group_name": "k8s-infra",
            "reverse_fqdn": "",
            "sku": "Basic",
            "tags": {},
            "timeouts": null,
            "zones": []
          },
          "private": "eyJlMmJmYjczMC1lY2FhLTExZTYtOGY4OC0zNDM2M2JjN2M0YzAiOnsiY3JlYXRlIjoxODAwMDAwMDAwMDAwLCJkZWxldGUiOjE4MDAwMDAwMDAwMDAsInJlYWQiOjMwMDAwMDAwMDAwMCwidXBkYXRlIjoxODAwMDAwMDAwMDAwfX0=",
          "dependencies": [
            "azurerm_resource_group.k8s_infra"
          ]
        }
      ]
    },
    {
      "mode": "managed",
      "type": "azurerm_public_ip",
      "name": "k8s_mpip",
      "provider": "provider[\"registry.terraform.io/hashicorp/azurerm\"]",
      "instances": [
        {
          "schema_version": 0,
          "attributes": {
            "allocation_method": "Static",
            "domain_name_label": "k8s-master-pip",
            "fqdn": "k8s-master-pip.westus2.cloudapp.azure.com",
            "id": "/subscriptions/886ee2a4-e790-43c5-bfa4-5c8db2e433f6/resourceGroups/k8s-infra/providers/Microsoft.Network/publicIPAddresses/k8s-master-pip",
            "idle_timeout_in_minutes": 4,
            "ip_address": "20.190.35.110",
            "ip_version": "IPv4",
            "location": "westus2",
            "name": "k8s-master-pip",
            "public_ip_prefix_id": null,
            "resource_group_name": "k8s-infra",
            "reverse_fqdn": "",
            "sku": "Basic",
            "tags": {},
            "timeouts": null,
            "zones": []
          },
          "private": "eyJlMmJmYjczMC1lY2FhLTExZTYtOGY4OC0zNDM2M2JjN2M0YzAiOnsiY3JlYXRlIjoxODAwMDAwMDAwMDAwLCJkZWxldGUiOjE4MDAwMDAwMDAwMDAsInJlYWQiOjMwMDAwMDAwMDAwMCwidXBkYXRlIjoxODAwMDAwMDAwMDAwfX0=",
          "dependencies": [
            "azurerm_resource_group.k8s_infra"
          ]
        }
      ]
    },
    {
      "mode": "managed",
      "type": "azurerm_resource_group",
      "name": "k8s_infra",
      "provider": "provider[\"registry.terraform.io/hashicorp/azurerm\"]",
      "instances": [
        {
          "schema_version": 0,
          "attributes": {
            "id": "/subscriptions/886ee2a4-e790-43c5-bfa4-5c8db2e433f6/resourceGroups/k8s-infra",
            "location": "westus2",
            "name": "k8s-infra",
            "tags": {},
            "timeouts": null
          },
          "private": "eyJlMmJmYjczMC1lY2FhLTExZTYtOGY4OC0zNDM2M2JjN2M0YzAiOnsiY3JlYXRlIjo1NDAwMDAwMDAwMDAwLCJkZWxldGUiOjU0MDAwMDAwMDAwMDAsInJlYWQiOjMwMDAwMDAwMDAwMCwidXBkYXRlIjo1NDAwMDAwMDAwMDAwfX0="
        }
      ]
    },
    {
      "mode": "managed",
      "type": "azurerm_subnet",
      "name": "k8s_asubnet",
      "provider": "provider[\"registry.terraform.io/hashicorp/azurerm\"]",
      "instances": [
        {
          "schema_version": 0,
          "attributes": {
            "address_prefix": "172.17.0.0/16",
            "address_prefixes": [
              "172.17.0.0/16"
            ],
            "delegation": [],
            "enforce_private_link_endpoint_network_policies": false,
            "enforce_private_link_service_network_policies": false,
            "id": "/subscriptions/886ee2a4-e790-43c5-bfa4-5c8db2e433f6/resourceGroups/k8s-infra/providers/Microsoft.Network/virtualNetworks/k8s-vnet/subnets/k8s-agent-subnet",
            "name": "k8s-agent-subnet",
            "resource_group_name": "k8s-infra",
            "service_endpoints": [],
            "timeouts": null,
            "virtual_network_name": "k8s-vnet"
          },
          "private": "eyJlMmJmYjczMC1lY2FhLTExZTYtOGY4OC0zNDM2M2JjN2M0YzAiOnsiY3JlYXRlIjoxODAwMDAwMDAwMDAwLCJkZWxldGUiOjE4MDAwMDAwMDAwMDAsInJlYWQiOjMwMDAwMDAwMDAwMCwidXBkYXRlIjoxODAwMDAwMDAwMDAwfX0=",
          "dependencies": [
            "azurerm_resource_group.k8s_infra",
            "azurerm_virtual_network.k8s_vnet"
          ]
        }
      ]
    },
    {
      "mode": "managed",
      "type": "azurerm_subnet",
      "name": "k8s_bsubnet",
      "provider": "provider[\"registry.terraform.io/hashicorp/azurerm\"]",
      "instances": [
        {
          "schema_version": 0,
          "attributes": {
            "address_prefix": "172.15.0.0/16",
            "address_prefixes": [
              "172.15.0.0/16"
            ],
            "delegation": [],
            "enforce_private_link_endpoint_network_policies": false,
            "enforce_private_link_service_network_policies": false,
            "id": "/subscriptions/886ee2a4-e790-43c5-bfa4-5c8db2e433f6/resourceGroups/k8s-infra/providers/Microsoft.Network/virtualNetworks/k8s-vnet/subnets/k8s-bsubnet",
            "name": "k8s-bsubnet",
            "resource_group_name": "k8s-infra",
            "service_endpoints": [],
            "timeouts": null,
            "virtual_network_name": "k8s-vnet"
          }
        }
      ]
    },
    {
      "mode": "managed",
      "type": "azurerm_subnet",
      "name": "k8s_msubnet",
      "provider": "provider[\"registry.terraform.io/hashicorp/azurerm\"]",
      "instances": [
        {
          "schema_version": 0,
          "attributes": {
            "address_prefix": "172.16.0.0/16",
            "address_prefixes": [
              "172.16.0.0/16"
            ],
            "delegation": [],
            "enforce_private_link_endpoint_network_policies": false,
            "enforce_private_link_service_network_policies": false,
            "id": "/subscriptions/886ee2a4-e790-43c5-bfa4-5c8db2e433f6/resourceGroups/k8s-infra/providers/Microsoft.Network/virtualNetworks/k8s-vnet/subnets/k8s-master-subnet",
            "name": "k8s-master-subnet",
            "resource_group_name": "k8s-infra",
            "service_endpoints": [],
            "timeouts": null,
            "virtual_network_name": "k8s-vnet"
          },
          "private": "eyJlMmJmYjczMC1lY2FhLTExZTYtOGY4OC0zNDM2M2JjN2M0YzAiOnsiY3JlYXRlIjoxODAwMDAwMDAwMDAwLCJkZWxldGUiOjE4MDAwMDAwMDAwMDAsInJlYWQiOjMwMDAwMDAwMDAwMCwidXBkYXRlIjoxODAwMDAwMDAwMDAwfX0=",
          "dependencies": [
            "azurerm_resource_group.k8s_infra",
            "azurerm_virtual_network.k8s_vnet"
          ]
        }
      ]
    },
    {
      "mode": "managed",
      "type": "azurerm_subnet_network_security_group_association",
      "name": "k8s_asubnet_nsg",
      "provider": "provider[\"registry.terraform.io/hashicorp/azurerm\"]",
      "instances": [
        {
          "schema_version": 0,
          "attributes": {
            "id": "/subscriptions/886ee2a4-e790-43c5-bfa4-5c8db2e433f6/resourceGroups/k8s-infra/providers/Microsoft.Network/virtualNetworks/k8s-vnet/subnets/k8s-agent-subnet",
            "network_security_group_id": "/subscriptions/886ee2a4-e790-43c5-bfa4-5c8db2e433f6/resourceGroups/k8s-infra/providers/Microsoft.Network/networkSecurityGroups/k8s-agent-nsg",
            "subnet_id": "/subscriptions/886ee2a4-e790-43c5-bfa4-5c8db2e433f6/resourceGroups/k8s-infra/providers/Microsoft.Network/virtualNetworks/k8s-vnet/subnets/k8s-agent-subnet",
            "timeouts": null
          },
          "private": "eyJlMmJmYjczMC1lY2FhLTExZTYtOGY4OC0zNDM2M2JjN2M0YzAiOnsiY3JlYXRlIjoxODAwMDAwMDAwMDAwLCJkZWxldGUiOjE4MDAwMDAwMDAwMDAsInJlYWQiOjMwMDAwMDAwMDAwMCwidXBkYXRlIjoxODAwMDAwMDAwMDAwfX0=",
          "dependencies": [
            "azurerm_network_security_group.k8s_ansg",
            "azurerm_resource_group.k8s_infra",
            "azurerm_subnet.k8s_asubnet",
            "azurerm_virtual_network.k8s_vnet"
          ]
        }
      ]
    },
    {
      "mode": "managed",
      "type": "azurerm_subnet_network_security_group_association",
      "name": "k8s_msubnet_nsg",
      "provider": "provider[\"registry.terraform.io/hashicorp/azurerm\"]",
      "instances": [
        {
          "schema_version": 0,
          "attributes": {
            "id": "/subscriptions/886ee2a4-e790-43c5-bfa4-5c8db2e433f6/resourceGroups/k8s-infra/providers/Microsoft.Network/virtualNetworks/k8s-vnet/subnets/k8s-master-subnet",
            "network_security_group_id": "/subscriptions/886ee2a4-e790-43c5-bfa4-5c8db2e433f6/resourceGroups/k8s-infra/providers/Microsoft.Network/networkSecurityGroups/k8s-master-nsg",
            "subnet_id": "/subscriptions/886ee2a4-e790-43c5-bfa4-5c8db2e433f6/resourceGroups/k8s-infra/providers/Microsoft.Network/virtualNetworks/k8s-vnet/subnets/k8s-master-subnet",
            "timeouts": null
          },
          "private": "eyJlMmJmYjczMC1lY2FhLTExZTYtOGY4OC0zNDM2M2JjN2M0YzAiOnsiY3JlYXRlIjoxODAwMDAwMDAwMDAwLCJkZWxldGUiOjE4MDAwMDAwMDAwMDAsInJlYWQiOjMwMDAwMDAwMDAwMCwidXBkYXRlIjoxODAwMDAwMDAwMDAwfX0=",
          "dependencies": [
            "azurerm_network_security_group.k8s_mnsg",
            "azurerm_resource_group.k8s_infra",
            "azurerm_subnet.k8s_msubnet",
            "azurerm_virtual_network.k8s_vnet"
          ]
        }
      ]
    },
    {
      "mode": "managed",
      "type": "azurerm_user_assigned_identity",
      "name": "k8s_uai",
      "provider": "provider[\"registry.terraform.io/hashicorp/azurerm\"]",
      "instances": [
        {
          "schema_version": 0,
          "attributes": {
            "client_id": "62b3aa5d-6293-4ddf-b8c5-1c0fbd247adf",
            "id": "/subscriptions/886ee2a4-e790-43c5-bfa4-5c8db2e433f6/resourcegroups/k8s-infra/providers/Microsoft.ManagedIdentity/userAssignedIdentities/k8s-uai",
            "location": "westus2",
            "name": "k8s-uai",
            "principal_id": "a35396e4-e64b-4da8-a832-eb9c6cc77b79",
            "resource_group_name": "k8s-infra",
            "tags": {},
            "timeouts": null
          },
          "private": "eyJlMmJmYjczMC1lY2FhLTExZTYtOGY4OC0zNDM2M2JjN2M0YzAiOnsiY3JlYXRlIjoxODAwMDAwMDAwMDAwLCJkZWxldGUiOjE4MDAwMDAwMDAwMDAsInJlYWQiOjMwMDAwMDAwMDAwMCwidXBkYXRlIjoxODAwMDAwMDAwMDAwfX0=",
          "dependencies": [
            "azurerm_resource_group.k8s_infra"
          ]
        }
      ]
    },
    {
      "mode": "managed",
      "type": "azurerm_virtual_machine_scale_set",
      "name": "k8s_a",
      "provider": "provider[\"registry.terraform.io/hashicorp/azurerm\"]",
      "instances": [
        {
          "schema_version": 1,
          "attributes": {
            "automatic_os_upgrade": false,
            "boot_diagnostics": [],
            "eviction_policy": "",
            "extension": [],
            "health_probe_id": null,
            "id": "/subscriptions/886ee2a4-e790-43c5-bfa4-5c8db2e433f6/resourceGroups/k8s-infra/providers/Microsoft.Compute/virtualMachineScaleSets/k8s-agent",
            "identity": [
              {
                "identity_ids": [
                  "/subscriptions/886ee2a4-e790-43c5-bfa4-5c8db2e433f6/resourceGroups/k8s-infra/providers/Microsoft.ManagedIdentity/userAssignedIdentities/k8s-uai"
                ],
                "principal_id": "",
                "type": "UserAssigned"
              }
            ],
            "license_type": "",
            "location": "westus2",
            "name": "k8s-agent",
            "network_profile": [
              {
                "accelerated_networking": false,
                "dns_settings": [
                  {
                    "dns_servers": []
                  }
                ],
                "ip_configuration": [
                  {
                    "application_gateway_backend_address_pool_ids": [],
                    "application_security_group_ids": [],
                    "load_balancer_backend_address_pool_ids": [
                      "/subscriptions/886ee2a4-e790-43c5-bfa4-5c8db2e433f6/resourceGroups/k8s-infra/providers/Microsoft.Network/loadBalancers/k8s-agent-lb/backendAddressPools/k8s-agent-lb-bep"
                    ],
                    "load_balancer_inbound_nat_rules_ids": [],
                    "name": "k8s-agent-ic",
                    "primary": true,
                    "public_ip_address_configuration": [],
                    "subnet_id": "/subscriptions/886ee2a4-e790-43c5-bfa4-5c8db2e433f6/resourceGroups/k8s-infra/providers/Microsoft.Network/virtualNetworks/k8s-vnet/subnets/k8s-agent-subnet"
                  }
                ],
                "ip_forwarding": false,
                "name": "k8s-agent-np",
                "network_security_group_id": "",
                "primary": true
              }
            ],
            "os_profile": [
              {
                "admin_password": "",
                "admin_username": "testshuang",
                "computer_name_prefix": "k8s-agent",
                "custom_data": ""
              }
            ],
            "os_profile_linux_config": [
              {
                "disable_password_authentication": true,
                "ssh_keys": [
                  {
                    "key_data": "ssh-rsa AAAAB3NzaC1yc2EAAAADAQABAAABAQDGtsBddOdB/S4tSFrbah1j6Yhhr498lCKU0prFrluqCnXvOH1BIerl7XW9aFCnxa7zByYM4tkszVc/jZFW0u+E4SBKP5iQmJvTuXMqCeA2PIt+c+ozM0p/EcMF90HpUDjVedLqhiYDmTxX7ITwcMkNm7v61BzjxO0D3eRG1gK1xJPcHNs96j96AhTBVu6bII363Ulz2FHVA627qopikcBlnB8I86CdLjyS4K28fejnR+J3djoCVHy47V2Kp88pOI91VmWy+qqIFdsDKmRq2AGvnY5SBULiVUGXOzK5p8JdX/ZwErMLzif70su2IjaE4Xct3HzW53pfQBWaLbCHYsuD\n",
                    "path": "/home/testshuang/.ssh/authorized_keys"
                  }
                ]
              }
            ],
            "os_profile_secrets": [],
            "os_profile_windows_config": [],
            "overprovision": true,
            "plan": [],
            "priority": "",
            "proximity_placement_group_id": null,
            "resource_group_name": "k8s-infra",
            "rolling_upgrade_policy": [],
            "single_placement_group": true,
            "sku": [
              {
                "capacity": 1,
                "name": "Standard_A2_v2",
                "tier": "Standard"
              }
            ],
            "storage_profile_data_disk": [],
            "storage_profile_image_reference": [
              {
                "id": "",
                "offer": "UbuntuServer",
                "publisher": "Canonical",
                "sku": "16.04-LTS",
                "version": "latest"
              }
            ],
            "storage_profile_os_disk": [
              {
                "caching": "ReadWrite",
                "create_option": "FromImage",
                "image": "",
                "managed_disk_type": "Standard_LRS",
                "name": "",
                "os_type": "",
                "vhd_containers": []
              }
            ],
            "tags": {},
            "timeouts": null,
            "upgrade_policy_mode": "Manual",
            "zones": []
          },
          "private": "eyJlMmJmYjczMC1lY2FhLTExZTYtOGY4OC0zNDM2M2JjN2M0YzAiOnsiY3JlYXRlIjozNjAwMDAwMDAwMDAwLCJkZWxldGUiOjM2MDAwMDAwMDAwMDAsInJlYWQiOjMwMDAwMDAwMDAwMCwidXBkYXRlIjozNjAwMDAwMDAwMDAwfSwic2NoZW1hX3ZlcnNpb24iOiIxIn0=",
          "dependencies": [
            "azurerm_lb_backend_address_pool.k8s_alb_bep",
            "azurerm_resource_group.k8s_infra",
            "azurerm_subnet.k8s_asubnet"
          ]
        }
      ]
    },
    {
      "mode": "managed",
      "type": "azurerm_virtual_machine_scale_set",
      "name": "k8s_m",
      "provider": "provider[\"registry.terraform.io/hashicorp/azurerm\"]",
      "instances": [
        {
          "schema_version": 1,
          "attributes": {
            "automatic_os_upgrade": false,
            "boot_diagnostics": [],
            "eviction_policy": "",
            "extension": [],
            "health_probe_id": null,
            "id": "/subscriptions/886ee2a4-e790-43c5-bfa4-5c8db2e433f6/resourceGroups/k8s-infra/providers/Microsoft.Compute/virtualMachineScaleSets/k8s-master",
            "identity": [
              {
                "identity_ids": [
                  "/subscriptions/886ee2a4-e790-43c5-bfa4-5c8db2e433f6/resourceGroups/k8s-infra/providers/Microsoft.ManagedIdentity/userAssignedIdentities/k8s-uai"
                ],
                "principal_id": "",
                "type": "UserAssigned"
              }
            ],
            "license_type": "",
            "location": "westus2",
            "name": "k8s-master",
            "network_profile": [
              {
                "accelerated_networking": false,
                "dns_settings": [
                  {
                    "dns_servers": []
                  }
                ],
                "ip_configuration": [
                  {
                    "application_gateway_backend_address_pool_ids": [],
                    "application_security_group_ids": [],
                    "load_balancer_backend_address_pool_ids": [
                      "/subscriptions/886ee2a4-e790-43c5-bfa4-5c8db2e433f6/resourceGroups/k8s-infra/providers/Microsoft.Network/loadBalancers/k8s-master-lb/backendAddressPools/k8s-master-lb-bep"
                    ],
                    "load_balancer_inbound_nat_rules_ids": [],
                    "name": "k8s-master-ic",
                    "primary": true,
                    "public_ip_address_configuration": [],
                    "subnet_id": "/subscriptions/886ee2a4-e790-43c5-bfa4-5c8db2e433f6/resourceGroups/k8s-infra/providers/Microsoft.Network/virtualNetworks/k8s-vnet/subnets/k8s-master-subnet"
                  }
                ],
                "ip_forwarding": false,
                "name": "k8s-master-np",
                "network_security_group_id": "",
                "primary": true
              }
            ],
            "os_profile": [
              {
                "admin_password": "Shangkun~0527",
                "admin_username": "testshuang",
                "computer_name_prefix": "k8s-m",
                "custom_data": ""
              }
            ],
            "os_profile_linux_config": [
              {
                "disable_password_authentication": false,
                "ssh_keys": []
              }
            ],
            "os_profile_secrets": [],
            "os_profile_windows_config": [],
            "overprovision": true,
            "plan": [],
            "priority": "",
            "proximity_placement_group_id": null,
            "resource_group_name": "k8s-infra",
            "rolling_upgrade_policy": [],
            "single_placement_group": true,
            "sku": [
              {
                "capacity": 1,
                "name": "Standard_A2_v2",
                "tier": "Standard"
              }
            ],
            "storage_profile_data_disk": [],
            "storage_profile_image_reference": [
              {
                "id": "",
                "offer": "UbuntuServer",
                "publisher": "Canonical",
                "sku": "16.04-LTS",
                "version": "latest"
              }
            ],
            "storage_profile_os_disk": [
              {
                "caching": "ReadWrite",
                "create_option": "FromImage",
                "image": "",
                "managed_disk_type": "Standard_LRS",
                "name": "",
                "os_type": "",
                "vhd_containers": []
              }
            ],
            "tags": {},
            "timeouts": null,
            "upgrade_policy_mode": "Manual",
            "zones": []
          },
          "private": "eyJlMmJmYjczMC1lY2FhLTExZTYtOGY4OC0zNDM2M2JjN2M0YzAiOnsiY3JlYXRlIjozNjAwMDAwMDAwMDAwLCJkZWxldGUiOjM2MDAwMDAwMDAwMDAsInJlYWQiOjMwMDAwMDAwMDAwMCwidXBkYXRlIjozNjAwMDAwMDAwMDAwfSwic2NoZW1hX3ZlcnNpb24iOiIxIn0=",
          "dependencies": [
            "azurerm_lb_backend_address_pool.k8s_mlb_bep",
            "azurerm_resource_group.k8s_infra",
            "azurerm_subnet.k8s_msubnet"
          ]
        }
      ]
    },
    {
      "mode": "managed",
      "type": "azurerm_virtual_network",
      "name": "k8s_vnet",
      "provider": "provider[\"registry.terraform.io/hashicorp/azurerm\"]",
      "instances": [
        {
          "schema_version": 0,
          "attributes": {
            "address_space": [
              "172.15.0.0/16",
              "172.16.0.0/16",
              "172.17.0.0/16"
            ],
            "ddos_protection_plan": [],
            "dns_servers": [],
            "guid": "a8bff618-c2ca-4aa6-a5cb-a74d05208333",
            "id": "/subscriptions/886ee2a4-e790-43c5-bfa4-5c8db2e433f6/resourceGroups/k8s-infra/providers/Microsoft.Network/virtualNetworks/k8s-vnet",
            "location": "westus2",
            "name": "k8s-vnet",
            "resource_group_name": "k8s-infra",
            "subnet": [
              {
                "address_prefix": "172.15.0.0/16",
                "id": "/subscriptions/886ee2a4-e790-43c5-bfa4-5c8db2e433f6/resourceGroups/k8s-infra/providers/Microsoft.Network/virtualNetworks/k8s-vnet/subnets/k8s-bsubnet",
                "name": "k8s-bsubnet",
                "security_group": "/subscriptions/886ee2a4-e790-43c5-bfa4-5c8db2e433f6/resourceGroups/k8s-infra/providers/Microsoft.Network/networkSecurityGroups/k8s-baston-nsg"
              },
              {
                "address_prefix": "172.16.0.0/16",
                "id": "/subscriptions/886ee2a4-e790-43c5-bfa4-5c8db2e433f6/resourceGroups/k8s-infra/providers/Microsoft.Network/virtualNetworks/k8s-vnet/subnets/k8s-master-subnet",
                "name": "k8s-master-subnet",
                "security_group": "/subscriptions/886ee2a4-e790-43c5-bfa4-5c8db2e433f6/resourceGroups/k8s-infra/providers/Microsoft.Network/networkSecurityGroups/k8s-master-nsg"
              },
              {
                "address_prefix": "172.17.0.0/16",
                "id": "/subscriptions/886ee2a4-e790-43c5-bfa4-5c8db2e433f6/resourceGroups/k8s-infra/providers/Microsoft.Network/virtualNetworks/k8s-vnet/subnets/k8s-agent-subnet",
                "name": "k8s-agent-subnet",
                "security_group": "/subscriptions/886ee2a4-e790-43c5-bfa4-5c8db2e433f6/resourceGroups/k8s-infra/providers/Microsoft.Network/networkSecurityGroups/k8s-agent-nsg"
              }
            ],
            "tags": {},
            "timeouts": null
          },
          "private": "eyJlMmJmYjczMC1lY2FhLTExZTYtOGY4OC0zNDM2M2JjN2M0YzAiOnsiY3JlYXRlIjoxODAwMDAwMDAwMDAwLCJkZWxldGUiOjE4MDAwMDAwMDAwMDAsInJlYWQiOjMwMDAwMDAwMDAwMCwidXBkYXRlIjoxODAwMDAwMDAwMDAwfX0=",
          "dependencies": [
            "azurerm_resource_group.k8s_infra"
          ]
        }
      ]
    }
  ]
}
